{
  "name": "claude-autonomy-platform",
  "version": "0.5.2",
  "lockfileVersion": 3,
  "requires": true,
  "packages": {
    "": {
      "name": "claude-autonomy-platform",
      "version": "0.5.2",
      "license": "MIT",
      "engines": {
        "node": ">=16.0.0",
        "npm": ">=7.0.0"
      }
    }
  }
}
